// !$*UTF8*$!
{
	archiveVersion = 1;
	classes = {
	};
	objectVersion = 56;
	objects = {

/* Begin PBXBuildFile section */
		F80B31B52D4B906D00C1D312 /* ImagesListService.swift in Sources */ = {isa = PBXBuildFile; fileRef = F80B31B42D4B905B00C1D312 /* ImagesListService.swift */; };
		F81845CE2CF5E6BB00133D79 /* ImagesListCell.swift in Sources */ = {isa = PBXBuildFile; fileRef = F81845CD2CF5E6BB00133D79 /* ImagesListCell.swift */; };
		F8335E7A2D0C4EA500471044 /* AuthViewController.swift in Sources */ = {isa = PBXBuildFile; fileRef = F8335E792D0C4EA500471044 /* AuthViewController.swift */; };
		F847EEA52D105D500096D3FE /* WebViewViewController.swift in Sources */ = {isa = PBXBuildFile; fileRef = F847EEA42D105D500096D3FE /* WebViewViewController.swift */; };
		F84DB39B2D01C2FC0051204E /* SingleImageViewController.swift in Sources */ = {isa = PBXBuildFile; fileRef = F84DB39A2D01C2FC0051204E /* SingleImageViewController.swift */; };
		F84DB39C2D01CB5F0051204E /* Main.storyboard in Resources */ = {isa = PBXBuildFile; fileRef = F8D11E782CEF513900BDC986 /* Main.storyboard */; };
		F862EA312D3131FD00BB46F8 /* ProgressHUD in Frameworks */ = {isa = PBXBuildFile; productRef = F862EA302D3131FD00BB46F8 /* ProgressHUD */; };
		F862EA342D35568900BB46F8 /* UIBlockingProgressHUD.swift in Sources */ = {isa = PBXBuildFile; fileRef = F862EA332D35568900BB46F8 /* UIBlockingProgressHUD.swift */; };
		F87EFB5B2D3A77B0008F2185 /* ProfileImageService.swift in Sources */ = {isa = PBXBuildFile; fileRef = F87EFB5A2D3A77B0008F2185 /* ProfileImageService.swift */; };
		F89895882D36A30900B4B71C /* ProfileService.swift in Sources */ = {isa = PBXBuildFile; fileRef = F89895872D36A30900B4B71C /* ProfileService.swift */; };
		F8B5AEFC2D0C399F008E123D /* Constants.swift in Sources */ = {isa = PBXBuildFile; fileRef = F8B5AEFB2D0C399F008E123D /* Constants.swift */; };
		F8BF71E32D455945007FECDC /* Kingfisher in Frameworks */ = {isa = PBXBuildFile; productRef = F8BF71E22D455945007FECDC /* Kingfisher */; };
		F8BF71E62D4565D8007FECDC /* SwiftKeychainWrapper in Frameworks */ = {isa = PBXBuildFile; productRef = F8BF71E52D4565D8007FECDC /* SwiftKeychainWrapper */; };
		F8BF71E92D457039007FECDC /* TabBarController.swift in Sources */ = {isa = PBXBuildFile; fileRef = F8BF71E82D457039007FECDC /* TabBarController.swift */; };
		F8D11E732CEF513900BDC986 /* AppDelegate.swift in Sources */ = {isa = PBXBuildFile; fileRef = F8D11E722CEF513900BDC986 /* AppDelegate.swift */; };
		F8D11E752CEF513900BDC986 /* SceneDelegate.swift in Sources */ = {isa = PBXBuildFile; fileRef = F8D11E742CEF513900BDC986 /* SceneDelegate.swift */; };
		F8D11E772CEF513900BDC986 /* ImagesListViewController.swift in Sources */ = {isa = PBXBuildFile; fileRef = F8D11E762CEF513900BDC986 /* ImagesListViewController.swift */; };
		F8D11E7A2CEF513900BDC986 /* Base in Resources */ = {isa = PBXBuildFile; fileRef = F8D11E792CEF513900BDC986 /* Base */; };
		F8D11E7C2CEF513A00BDC986 /* Assets.xcassets in Resources */ = {isa = PBXBuildFile; fileRef = F8D11E7B2CEF513A00BDC986 /* Assets.xcassets */; };
		F8D11E7F2CEF513A00BDC986 /* Base in Resources */ = {isa = PBXBuildFile; fileRef = F8D11E7E2CEF513A00BDC986 /* Base */; };
		F8D9CADB2D3E83560080D81A /* AlertPresenter.swift in Sources */ = {isa = PBXBuildFile; fileRef = F8D9CADA2D3E83560080D81A /* AlertPresenter.swift */; };
		F8E1310C2D00777200F4B14C /* ProfileViewController.swift in Sources */ = {isa = PBXBuildFile; fileRef = F8E1310B2D00777200F4B14C /* ProfileViewController.swift */; };
		F8EC8B732D189607001FA6E5 /* OAuth2Service.swift in Sources */ = {isa = PBXBuildFile; fileRef = F8EC8B722D189607001FA6E5 /* OAuth2Service.swift */; };
		F8EC8B752D19B51F001FA6E5 /* URLSession+data.swift in Sources */ = {isa = PBXBuildFile; fileRef = F8EC8B742D19B51F001FA6E5 /* URLSession+data.swift */; };
		F8EC8B772D19BCDE001FA6E5 /* OAuthTokenResponseBody.swift in Sources */ = {isa = PBXBuildFile; fileRef = F8EC8B762D19BCDE001FA6E5 /* OAuthTokenResponseBody.swift */; };
		F8EC8B7A2D289AA5001FA6E5 /* OAuth2TokenStorage.swift in Sources */ = {isa = PBXBuildFile; fileRef = F8EC8B792D289AA5001FA6E5 /* OAuth2TokenStorage.swift */; };
		F8EC8B7D2D2B532C001FA6E5 /* SplashViewController.swift in Sources */ = {isa = PBXBuildFile; fileRef = F8EC8B7C2D2B532C001FA6E5 /* SplashViewController.swift */; };
		F8F5E1EA2D57A344008870B1 /* ProfileLogoutService.swift in Sources */ = {isa = PBXBuildFile; fileRef = F8F5E1E92D57A344008870B1 /* ProfileLogoutService.swift */; };
/* End PBXBuildFile section */

/* Begin PBXFileReference section */
		F80B31B42D4B905B00C1D312 /* ImagesListService.swift */ = {isa = PBXFileReference; lastKnownFileType = sourcecode.swift; path = ImagesListService.swift; sourceTree = "<group>"; };
		F81845CD2CF5E6BB00133D79 /* ImagesListCell.swift */ = {isa = PBXFileReference; lastKnownFileType = sourcecode.swift; path = ImagesListCell.swift; sourceTree = "<group>"; };
		F8335E792D0C4EA500471044 /* AuthViewController.swift */ = {isa = PBXFileReference; lastKnownFileType = sourcecode.swift; path = AuthViewController.swift; sourceTree = "<group>"; };
		F847EEA42D105D500096D3FE /* WebViewViewController.swift */ = {isa = PBXFileReference; lastKnownFileType = sourcecode.swift; path = WebViewViewController.swift; sourceTree = "<group>"; };
		F84DB39A2D01C2FC0051204E /* SingleImageViewController.swift */ = {isa = PBXFileReference; lastKnownFileType = sourcecode.swift; path = SingleImageViewController.swift; sourceTree = "<group>"; };
		F862EA332D35568900BB46F8 /* UIBlockingProgressHUD.swift */ = {isa = PBXFileReference; lastKnownFileType = sourcecode.swift; path = UIBlockingProgressHUD.swift; sourceTree = "<group>"; };
		F87EFB5A2D3A77B0008F2185 /* ProfileImageService.swift */ = {isa = PBXFileReference; lastKnownFileType = sourcecode.swift; path = ProfileImageService.swift; sourceTree = "<group>"; };
		F89895872D36A30900B4B71C /* ProfileService.swift */ = {isa = PBXFileReference; lastKnownFileType = sourcecode.swift; path = ProfileService.swift; sourceTree = "<group>"; };
		F8B5AEFB2D0C399F008E123D /* Constants.swift */ = {isa = PBXFileReference; lastKnownFileType = sourcecode.swift; path = Constants.swift; sourceTree = "<group>"; };
		F8BF71E82D457039007FECDC /* TabBarController.swift */ = {isa = PBXFileReference; lastKnownFileType = sourcecode.swift; path = TabBarController.swift; sourceTree = "<group>"; };
		F8D11E6F2CEF513900BDC986 /* ImageFeed.app */ = {isa = PBXFileReference; explicitFileType = wrapper.application; includeInIndex = 0; path = ImageFeed.app; sourceTree = BUILT_PRODUCTS_DIR; };
		F8D11E722CEF513900BDC986 /* AppDelegate.swift */ = {isa = PBXFileReference; lastKnownFileType = sourcecode.swift; path = AppDelegate.swift; sourceTree = "<group>"; };
		F8D11E742CEF513900BDC986 /* SceneDelegate.swift */ = {isa = PBXFileReference; lastKnownFileType = sourcecode.swift; path = SceneDelegate.swift; sourceTree = "<group>"; };
		F8D11E762CEF513900BDC986 /* ImagesListViewController.swift */ = {isa = PBXFileReference; lastKnownFileType = sourcecode.swift; path = ImagesListViewController.swift; sourceTree = "<group>"; };
		F8D11E792CEF513900BDC986 /* Base */ = {isa = PBXFileReference; lastKnownFileType = file.storyboard; name = Base; path = Base.lproj/Main.storyboard; sourceTree = "<group>"; };
		F8D11E7B2CEF513A00BDC986 /* Assets.xcassets */ = {isa = PBXFileReference; lastKnownFileType = folder.assetcatalog; path = Assets.xcassets; sourceTree = "<group>"; };
		F8D11E7E2CEF513A00BDC986 /* Base */ = {isa = PBXFileReference; lastKnownFileType = file.storyboard; name = Base; path = Base.lproj/LaunchScreen.storyboard; sourceTree = "<group>"; };
		F8D11E802CEF513A00BDC986 /* Info.plist */ = {isa = PBXFileReference; lastKnownFileType = text.plist.xml; path = Info.plist; sourceTree = "<group>"; };
		F8D9CADA2D3E83560080D81A /* AlertPresenter.swift */ = {isa = PBXFileReference; lastKnownFileType = sourcecode.swift; path = AlertPresenter.swift; sourceTree = "<group>"; };
		F8E1310B2D00777200F4B14C /* ProfileViewController.swift */ = {isa = PBXFileReference; lastKnownFileType = sourcecode.swift; path = ProfileViewController.swift; sourceTree = "<group>"; };
		F8EC8B722D189607001FA6E5 /* OAuth2Service.swift */ = {isa = PBXFileReference; lastKnownFileType = sourcecode.swift; path = OAuth2Service.swift; sourceTree = "<group>"; };
		F8EC8B742D19B51F001FA6E5 /* URLSession+data.swift */ = {isa = PBXFileReference; lastKnownFileType = sourcecode.swift; path = "URLSession+data.swift"; sourceTree = "<group>"; };
		F8EC8B762D19BCDE001FA6E5 /* OAuthTokenResponseBody.swift */ = {isa = PBXFileReference; lastKnownFileType = sourcecode.swift; path = OAuthTokenResponseBody.swift; sourceTree = "<group>"; };
		F8EC8B792D289AA5001FA6E5 /* OAuth2TokenStorage.swift */ = {isa = PBXFileReference; lastKnownFileType = sourcecode.swift; path = OAuth2TokenStorage.swift; sourceTree = "<group>"; };
		F8EC8B7C2D2B532C001FA6E5 /* SplashViewController.swift */ = {isa = PBXFileReference; fileEncoding = 4; lastKnownFileType = sourcecode.swift; path = SplashViewController.swift; sourceTree = "<group>"; };
		F8F5E1E92D57A344008870B1 /* ProfileLogoutService.swift */ = {isa = PBXFileReference; lastKnownFileType = sourcecode.swift; path = ProfileLogoutService.swift; sourceTree = "<group>"; };
/* End PBXFileReference section */

/* Begin PBXFrameworksBuildPhase section */
		F8D11E6C2CEF513900BDC986 /* Frameworks */ = {
			isa = PBXFrameworksBuildPhase;
			buildActionMask = 2147483647;
			files = (
				F8BF71E32D455945007FECDC /* Kingfisher in Frameworks */,
				F862EA312D3131FD00BB46F8 /* ProgressHUD in Frameworks */,
				F8BF71E62D4565D8007FECDC /* SwiftKeychainWrapper in Frameworks */,
			);
			runOnlyForDeploymentPostprocessing = 0;
		};
/* End PBXFrameworksBuildPhase section */

/* Begin PBXGroup section */
		F81845CF2CF5E6DA00133D79 /* ImagesList */ = {
			isa = PBXGroup;
			children = (
				F80B31B42D4B905B00C1D312 /* ImagesListService.swift */,
				F8D11E762CEF513900BDC986 /* ImagesListViewController.swift */,
				F81845CD2CF5E6BB00133D79 /* ImagesListCell.swift */,
			);
			path = ImagesList;
			sourceTree = "<group>";
		};
		F8335E782D0C4E4700471044 /* Auth */ = {
			isa = PBXGroup;
			children = (
				F8EC8B762D19BCDE001FA6E5 /* OAuthTokenResponseBody.swift */,
				F8335E792D0C4EA500471044 /* AuthViewController.swift */,
				F847EEA42D105D500096D3FE /* WebViewViewController.swift */,
				F8EC8B722D189607001FA6E5 /* OAuth2Service.swift */,
				F8EC8B792D289AA5001FA6E5 /* OAuth2TokenStorage.swift */,
			);
			path = Auth;
			sourceTree = "<group>";
		};
		F84DB3992D01C2E10051204E /* SingleImage */ = {
			isa = PBXGroup;
			children = (
				F84DB39A2D01C2FC0051204E /* SingleImageViewController.swift */,
			);
			path = SingleImage;
			sourceTree = "<group>";
		};
		F862EA322D35566500BB46F8 /* ProgressHUD */ = {
			isa = PBXGroup;
			children = (
				F862EA332D35568900BB46F8 /* UIBlockingProgressHUD.swift */,
			);
			path = ProgressHUD;
			sourceTree = "<group>";
		};
		F8BF71E72D456EA1007FECDC /* TabBar */ = {
			isa = PBXGroup;
			children = (
				F8BF71E82D457039007FECDC /* TabBarController.swift */,
			);
			path = TabBar;
			sourceTree = "<group>";
		};
		F8CF05A62D008B9200C314FC /* Profile */ = {
			isa = PBXGroup;
			children = (
				F89895872D36A30900B4B71C /* ProfileService.swift */,
				F8E1310B2D00777200F4B14C /* ProfileViewController.swift */,
				F87EFB5A2D3A77B0008F2185 /* ProfileImageService.swift */,
				F8F5E1E92D57A344008870B1 /* ProfileLogoutService.swift */,
			);
			path = Profile;
			sourceTree = "<group>";
		};
		F8D11E662CEF513900BDC986 = {
			isa = PBXGroup;
			children = (
				F8D11E712CEF513900BDC986 /* ImageFeed */,
				F8D11E702CEF513900BDC986 /* Products */,
			);
			sourceTree = "<group>";
		};
		F8D11E702CEF513900BDC986 /* Products */ = {
			isa = PBXGroup;
			children = (
				F8D11E6F2CEF513900BDC986 /* ImageFeed.app */,
			);
			name = Products;
			sourceTree = "<group>";
		};
		F8D11E712CEF513900BDC986 /* ImageFeed */ = {
			isa = PBXGroup;
			children = (
				F8BF71E72D456EA1007FECDC /* TabBar */,
				F862EA322D35566500BB46F8 /* ProgressHUD */,
				F8EC8B7B2D2B530B001FA6E5 /* SplashViewController */,
				F8335E782D0C4E4700471044 /* Auth */,
				F84DB3992D01C2E10051204E /* SingleImage */,
				F8CF05A62D008B9200C314FC /* Profile */,
				F81845CF2CF5E6DA00133D79 /* ImagesList */,
				F8D11E722CEF513900BDC986 /* AppDelegate.swift */,
				F8D11E742CEF513900BDC986 /* SceneDelegate.swift */,
				F8D11E782CEF513900BDC986 /* Main.storyboard */,
				F8D11E7B2CEF513A00BDC986 /* Assets.xcassets */,
				F8D11E7D2CEF513A00BDC986 /* LaunchScreen.storyboard */,
				F8D11E802CEF513A00BDC986 /* Info.plist */,
				F8B5AEFB2D0C399F008E123D /* Constants.swift */,
				F8EC8B742D19B51F001FA6E5 /* URLSession+data.swift */,
				F8D9CADA2D3E83560080D81A /* AlertPresenter.swift */,
			);
			path = ImageFeed;
			sourceTree = "<group>";
		};
		F8EC8B7B2D2B530B001FA6E5 /* SplashViewController */ = {
			isa = PBXGroup;
			children = (
				F8EC8B7C2D2B532C001FA6E5 /* SplashViewController.swift */,
			);
			path = SplashViewController;
			sourceTree = "<group>";
		};
/* End PBXGroup section */

/* Begin PBXNativeTarget section */
		F8D11E6E2CEF513900BDC986 /* ImageFeed */ = {
			isa = PBXNativeTarget;
			buildConfigurationList = F8D11E832CEF513A00BDC986 /* Build configuration list for PBXNativeTarget "ImageFeed" */;
			buildPhases = (
				F8D11E6B2CEF513900BDC986 /* Sources */,
				F8D11E6C2CEF513900BDC986 /* Frameworks */,
				F8D11E6D2CEF513900BDC986 /* Resources */,
			);
			buildRules = (
			);
			dependencies = (
			);
			name = ImageFeed;
			packageProductDependencies = (
				F862EA302D3131FD00BB46F8 /* ProgressHUD */,
				F8BF71E22D455945007FECDC /* Kingfisher */,
				F8BF71E52D4565D8007FECDC /* SwiftKeychainWrapper */,
			);
			productName = ImageFeed;
			productReference = F8D11E6F2CEF513900BDC986 /* ImageFeed.app */;
			productType = "com.apple.product-type.application";
		};
/* End PBXNativeTarget section */

/* Begin PBXProject section */
		F8D11E672CEF513900BDC986 /* Project object */ = {
			isa = PBXProject;
			attributes = {
				BuildIndependentTargetsInParallel = 1;
				LastSwiftUpdateCheck = 1540;
				LastUpgradeCheck = 1540;
				TargetAttributes = {
					F8D11E6E2CEF513900BDC986 = {
						CreatedOnToolsVersion = 15.4;
					};
				};
			};
			buildConfigurationList = F8D11E6A2CEF513900BDC986 /* Build configuration list for PBXProject "ImageFeed" */;
			compatibilityVersion = "Xcode 14.0";
			developmentRegion = en;
			hasScannedForEncodings = 0;
			knownRegions = (
				en,
				Base,
			);
			mainGroup = F8D11E662CEF513900BDC986;
			packageReferences = (
				F862EA2F2D3131FD00BB46F8 /* XCRemoteSwiftPackageReference "ProgressHUD" */,
				F8BF71E12D455945007FECDC /* XCRemoteSwiftPackageReference "Kingfisher" */,
				F8BF71E42D4565D8007FECDC /* XCRemoteSwiftPackageReference "SwiftKeychainWrapper" */,
			);
			productRefGroup = F8D11E702CEF513900BDC986 /* Products */;
			projectDirPath = "";
			projectRoot = "";
			targets = (
				F8D11E6E2CEF513900BDC986 /* ImageFeed */,
			);
		};
/* End PBXProject section */

/* Begin PBXResourcesBuildPhase section */
		F8D11E6D2CEF513900BDC986 /* Resources */ = {
			isa = PBXResourcesBuildPhase;
			buildActionMask = 2147483647;
			files = (
				F8D11E7C2CEF513A00BDC986 /* Assets.xcassets in Resources */,
				F8D11E7F2CEF513A00BDC986 /* Base in Resources */,
				F8D11E7A2CEF513900BDC986 /* Base in Resources */,
				F84DB39C2D01CB5F0051204E /* Main.storyboard in Resources */,
			);
			runOnlyForDeploymentPostprocessing = 0;
		};
/* End PBXResourcesBuildPhase section */

/* Begin PBXSourcesBuildPhase section */
		F8D11E6B2CEF513900BDC986 /* Sources */ = {
			isa = PBXSourcesBuildPhase;
			buildActionMask = 2147483647;
			files = (
				F8D11E772CEF513900BDC986 /* ImagesListViewController.swift in Sources */,
				F89895882D36A30900B4B71C /* ProfileService.swift in Sources */,
				F81845CE2CF5E6BB00133D79 /* ImagesListCell.swift in Sources */,
				F8E1310C2D00777200F4B14C /* ProfileViewController.swift in Sources */,
				F8D11E732CEF513900BDC986 /* AppDelegate.swift in Sources */,
				F80B31B52D4B906D00C1D312 /* ImagesListService.swift in Sources */,
				F8D9CADB2D3E83560080D81A /* AlertPresenter.swift in Sources */,
				F8335E7A2D0C4EA500471044 /* AuthViewController.swift in Sources */,
				F87EFB5B2D3A77B0008F2185 /* ProfileImageService.swift in Sources */,
				F8EC8B7D2D2B532C001FA6E5 /* SplashViewController.swift in Sources */,
				F8B5AEFC2D0C399F008E123D /* Constants.swift in Sources */,
				F8F5E1EA2D57A344008870B1 /* ProfileLogoutService.swift in Sources */,
				F8BF71E92D457039007FECDC /* TabBarController.swift in Sources */,
				F8EC8B772D19BCDE001FA6E5 /* OAuthTokenResponseBody.swift in Sources */,
				F862EA342D35568900BB46F8 /* UIBlockingProgressHUD.swift in Sources */,
				F84DB39B2D01C2FC0051204E /* SingleImageViewController.swift in Sources */,
				F8EC8B752D19B51F001FA6E5 /* URLSession+data.swift in Sources */,
				F847EEA52D105D500096D3FE /* WebViewViewController.swift in Sources */,
				F8EC8B732D189607001FA6E5 /* OAuth2Service.swift in Sources */,
				F8EC8B7A2D289AA5001FA6E5 /* OAuth2TokenStorage.swift in Sources */,
				F8D11E752CEF513900BDC986 /* SceneDelegate.swift in Sources */,
			);
			runOnlyForDeploymentPostprocessing = 0;
		};
/* End PBXSourcesBuildPhase section */

/* Begin PBXVariantGroup section */
		F8D11E782CEF513900BDC986 /* Main.storyboard */ = {
			isa = PBXVariantGroup;
			children = (
				F8D11E792CEF513900BDC986 /* Base */,
			);
			name = Main.storyboard;
			sourceTree = "<group>";
		};
		F8D11E7D2CEF513A00BDC986 /* LaunchScreen.storyboard */ = {
			isa = PBXVariantGroup;
			children = (
				F8D11E7E2CEF513A00BDC986 /* Base */,
			);
			name = LaunchScreen.storyboard;
			sourceTree = "<group>";
		};
/* End PBXVariantGroup section */

/* Begin XCBuildConfiguration section */
		F8D11E812CEF513A00BDC986 /* Debug */ = {
			isa = XCBuildConfiguration;
			buildSettings = {
				ALWAYS_SEARCH_USER_PATHS = NO;
				ASSETCATALOG_COMPILER_GENERATE_SWIFT_ASSET_SYMBOL_EXTENSIONS = YES;
				CLANG_ANALYZER_NONNULL = YES;
				CLANG_ANALYZER_NUMBER_OBJECT_CONVERSION = YES_AGGRESSIVE;
				CLANG_CXX_LANGUAGE_STANDARD = "gnu++20";
				CLANG_ENABLE_MODULES = YES;
				CLANG_ENABLE_OBJC_ARC = YES;
				CLANG_ENABLE_OBJC_WEAK = YES;
				CLANG_WARN_BLOCK_CAPTURE_AUTORELEASING = YES;
				CLANG_WARN_BOOL_CONVERSION = YES;
				CLANG_WARN_COMMA = YES;
				CLANG_WARN_CONSTANT_CONVERSION = YES;
				CLANG_WARN_DEPRECATED_OBJC_IMPLEMENTATIONS = YES;
				CLANG_WARN_DIRECT_OBJC_ISA_USAGE = YES_ERROR;
				CLANG_WARN_DOCUMENTATION_COMMENTS = YES;
				CLANG_WARN_EMPTY_BODY = YES;
				CLANG_WARN_ENUM_CONVERSION = YES;
				CLANG_WARN_INFINITE_RECURSION = YES;
				CLANG_WARN_INT_CONVERSION = YES;
				CLANG_WARN_NON_LITERAL_NULL_CONVERSION = YES;
				CLANG_WARN_OBJC_IMPLICIT_RETAIN_SELF = YES;
				CLANG_WARN_OBJC_LITERAL_CONVERSION = YES;
				CLANG_WARN_OBJC_ROOT_CLASS = YES_ERROR;
				CLANG_WARN_QUOTED_INCLUDE_IN_FRAMEWORK_HEADER = YES;
				CLANG_WARN_RANGE_LOOP_ANALYSIS = YES;
				CLANG_WARN_STRICT_PROTOTYPES = YES;
				CLANG_WARN_SUSPICIOUS_MOVE = YES;
				CLANG_WARN_UNGUARDED_AVAILABILITY = YES_AGGRESSIVE;
				CLANG_WARN_UNREACHABLE_CODE = YES;
				CLANG_WARN__DUPLICATE_METHOD_MATCH = YES;
				COPY_PHASE_STRIP = NO;
				DEBUG_INFORMATION_FORMAT = dwarf;
				ENABLE_STRICT_OBJC_MSGSEND = YES;
				ENABLE_TESTABILITY = YES;
				ENABLE_USER_SCRIPT_SANDBOXING = YES;
				GCC_C_LANGUAGE_STANDARD = gnu17;
				GCC_DYNAMIC_NO_PIC = NO;
				GCC_NO_COMMON_BLOCKS = YES;
				GCC_OPTIMIZATION_LEVEL = 0;
				GCC_PREPROCESSOR_DEFINITIONS = (
					"DEBUG=1",
					"$(inherited)",
				);
				GCC_WARN_64_TO_32_BIT_CONVERSION = YES;
				GCC_WARN_ABOUT_RETURN_TYPE = YES_ERROR;
				GCC_WARN_UNDECLARED_SELECTOR = YES;
				GCC_WARN_UNINITIALIZED_AUTOS = YES_AGGRESSIVE;
				GCC_WARN_UNUSED_FUNCTION = YES;
				GCC_WARN_UNUSED_VARIABLE = YES;
				IPHONEOS_DEPLOYMENT_TARGET = 13.0;
				LOCALIZATION_PREFERS_STRING_CATALOGS = YES;
				MTL_ENABLE_DEBUG_INFO = INCLUDE_SOURCE;
				MTL_FAST_MATH = YES;
				ONLY_ACTIVE_ARCH = YES;
				SDKROOT = iphoneos;
				SWIFT_ACTIVE_COMPILATION_CONDITIONS = "DEBUG $(inherited)";
				SWIFT_OPTIMIZATION_LEVEL = "-Onone";
			};
			name = Debug;
		};
		F8D11E822CEF513A00BDC986 /* Release */ = {
			isa = XCBuildConfiguration;
			buildSettings = {
				ALWAYS_SEARCH_USER_PATHS = NO;
				ASSETCATALOG_COMPILER_GENERATE_SWIFT_ASSET_SYMBOL_EXTENSIONS = YES;
				CLANG_ANALYZER_NONNULL = YES;
				CLANG_ANALYZER_NUMBER_OBJECT_CONVERSION = YES_AGGRESSIVE;
				CLANG_CXX_LANGUAGE_STANDARD = "gnu++20";
				CLANG_ENABLE_MODULES = YES;
				CLANG_ENABLE_OBJC_ARC = YES;
				CLANG_ENABLE_OBJC_WEAK = YES;
				CLANG_WARN_BLOCK_CAPTURE_AUTORELEASING = YES;
				CLANG_WARN_BOOL_CONVERSION = YES;
				CLANG_WARN_COMMA = YES;
				CLANG_WARN_CONSTANT_CONVERSION = YES;
				CLANG_WARN_DEPRECATED_OBJC_IMPLEMENTATIONS = YES;
				CLANG_WARN_DIRECT_OBJC_ISA_USAGE = YES_ERROR;
				CLANG_WARN_DOCUMENTATION_COMMENTS = YES;
				CLANG_WARN_EMPTY_BODY = YES;
				CLANG_WARN_ENUM_CONVERSION = YES;
				CLANG_WARN_INFINITE_RECURSION = YES;
				CLANG_WARN_INT_CONVERSION = YES;
				CLANG_WARN_NON_LITERAL_NULL_CONVERSION = YES;
				CLANG_WARN_OBJC_IMPLICIT_RETAIN_SELF = YES;
				CLANG_WARN_OBJC_LITERAL_CONVERSION = YES;
				CLANG_WARN_OBJC_ROOT_CLASS = YES_ERROR;
				CLANG_WARN_QUOTED_INCLUDE_IN_FRAMEWORK_HEADER = YES;
				CLANG_WARN_RANGE_LOOP_ANALYSIS = YES;
				CLANG_WARN_STRICT_PROTOTYPES = YES;
				CLANG_WARN_SUSPICIOUS_MOVE = YES;
				CLANG_WARN_UNGUARDED_AVAILABILITY = YES_AGGRESSIVE;
				CLANG_WARN_UNREACHABLE_CODE = YES;
				CLANG_WARN__DUPLICATE_METHOD_MATCH = YES;
				COPY_PHASE_STRIP = NO;
				DEBUG_INFORMATION_FORMAT = "dwarf-with-dsym";
				ENABLE_NS_ASSERTIONS = NO;
				ENABLE_STRICT_OBJC_MSGSEND = YES;
				ENABLE_USER_SCRIPT_SANDBOXING = YES;
				GCC_C_LANGUAGE_STANDARD = gnu17;
				GCC_NO_COMMON_BLOCKS = YES;
				GCC_WARN_64_TO_32_BIT_CONVERSION = YES;
				GCC_WARN_ABOUT_RETURN_TYPE = YES_ERROR;
				GCC_WARN_UNDECLARED_SELECTOR = YES;
				GCC_WARN_UNINITIALIZED_AUTOS = YES_AGGRESSIVE;
				GCC_WARN_UNUSED_FUNCTION = YES;
				GCC_WARN_UNUSED_VARIABLE = YES;
				IPHONEOS_DEPLOYMENT_TARGET = 13.0;
				LOCALIZATION_PREFERS_STRING_CATALOGS = YES;
				MTL_ENABLE_DEBUG_INFO = NO;
				MTL_FAST_MATH = YES;
				SDKROOT = iphoneos;
				SWIFT_COMPILATION_MODE = wholemodule;
				VALIDATE_PRODUCT = YES;
			};
			name = Release;
		};
		F8D11E842CEF513A00BDC986 /* Debug */ = {
			isa = XCBuildConfiguration;
			buildSettings = {
				ASSETCATALOG_COMPILER_APPICON_NAME = AppIcon;
				ASSETCATALOG_COMPILER_GLOBAL_ACCENT_COLOR_NAME = AccentColor;
				CODE_SIGN_STYLE = Automatic;
				CURRENT_PROJECT_VERSION = 1;
				DEVELOPMENT_TEAM = ZZSK2UNSA3;
				GENERATE_INFOPLIST_FILE = YES;
				INFOPLIST_FILE = ImageFeed/Info.plist;
				INFOPLIST_KEY_UIApplicationSupportsIndirectInputEvents = YES;
				INFOPLIST_KEY_UILaunchStoryboardName = LaunchScreen;
				INFOPLIST_KEY_UIMainStoryboardFile = Main;
				INFOPLIST_KEY_UIStatusBarStyle = "";
				INFOPLIST_KEY_UISupportedInterfaceOrientations = UIInterfaceOrientationPortrait;
				IPHONEOS_DEPLOYMENT_TARGET = 13.0;
				LD_RUNPATH_SEARCH_PATHS = (
					"$(inherited)",
					"@executable_path/Frameworks",
				);
				MARKETING_VERSION = 1.0;
				PRODUCT_BUNDLE_IDENTIFIER = "alesia-matusevich.ImageFeed";
				PRODUCT_NAME = "$(TARGET_NAME)";
				SUPPORTED_PLATFORMS = "iphoneos iphonesimulator";
				SUPPORTS_MACCATALYST = NO;
				SWIFT_EMIT_LOC_STRINGS = YES;
				SWIFT_VERSION = 5.0;
				TARGETED_DEVICE_FAMILY = 1;
			};
			name = Debug;
		};
		F8D11E852CEF513A00BDC986 /* Release */ = {
			isa = XCBuildConfiguration;
			buildSettings = {
				ASSETCATALOG_COMPILER_APPICON_NAME = AppIcon;
				ASSETCATALOG_COMPILER_GLOBAL_ACCENT_COLOR_NAME = AccentColor;
				CODE_SIGN_STYLE = Automatic;
				CURRENT_PROJECT_VERSION = 1;
				DEVELOPMENT_TEAM = ZZSK2UNSA3;
				GENERATE_INFOPLIST_FILE = YES;
				INFOPLIST_FILE = ImageFeed/Info.plist;
				INFOPLIST_KEY_UIApplicationSupportsIndirectInputEvents = YES;
				INFOPLIST_KEY_UILaunchStoryboardName = LaunchScreen;
				INFOPLIST_KEY_UIMainStoryboardFile = Main;
				INFOPLIST_KEY_UIStatusBarStyle = "";
				INFOPLIST_KEY_UISupportedInterfaceOrientations = UIInterfaceOrientationPortrait;
				IPHONEOS_DEPLOYMENT_TARGET = 13.0;
				LD_RUNPATH_SEARCH_PATHS = (
					"$(inherited)",
					"@executable_path/Frameworks",
				);
				MARKETING_VERSION = 1.0;
				PRODUCT_BUNDLE_IDENTIFIER = "alesia-matusevich.ImageFeed";
				PRODUCT_NAME = "$(TARGET_NAME)";
				SUPPORTED_PLATFORMS = "iphoneos iphonesimulator";
				SUPPORTS_MACCATALYST = NO;
				SWIFT_EMIT_LOC_STRINGS = YES;
				SWIFT_VERSION = 5.0;
				TARGETED_DEVICE_FAMILY = 1;
			};
			name = Release;
		};
/* End XCBuildConfiguration section */

/* Begin XCConfigurationList section */
		F8D11E6A2CEF513900BDC986 /* Build configuration list for PBXProject "ImageFeed" */ = {
			isa = XCConfigurationList;
			buildConfigurations = (
				F8D11E812CEF513A00BDC986 /* Debug */,
				F8D11E822CEF513A00BDC986 /* Release */,
			);
			defaultConfigurationIsVisible = 0;
			defaultConfigurationName = Release;
		};
		F8D11E832CEF513A00BDC986 /* Build configuration list for PBXNativeTarget "ImageFeed" */ = {
			isa = XCConfigurationList;
			buildConfigurations = (
				F8D11E842CEF513A00BDC986 /* Debug */,
				F8D11E852CEF513A00BDC986 /* Release */,
			);
			defaultConfigurationIsVisible = 0;
			defaultConfigurationName = Release;
		};
/* End XCConfigurationList section */

/* Begin XCRemoteSwiftPackageReference section */
		F862EA2F2D3131FD00BB46F8 /* XCRemoteSwiftPackageReference "ProgressHUD" */ = {
			isa = XCRemoteSwiftPackageReference;
			repositoryURL = "https://github.com/relatedcode/ProgressHUD";
			requirement = {
				kind = exactVersion;
				version = 14.1.3;
			};
		};
		F8BF71E12D455945007FECDC /* XCRemoteSwiftPackageReference "Kingfisher" */ = {
			isa = XCRemoteSwiftPackageReference;
			repositoryURL = "https://github.com/onevcat/Kingfisher?tab=readme-ov-file";
			requirement = {
				kind = exactVersion;
				version = 8.1.3;
			};
		};
		F8BF71E42D4565D8007FECDC /* XCRemoteSwiftPackageReference "SwiftKeychainWrapper" */ = {
			isa = XCRemoteSwiftPackageReference;
			repositoryURL = "https://github.com/jrendel/SwiftKeychainWrapper";
			requirement = {
				kind = exactVersion;
				version = 4.0.1;
			};
		};
/* End XCRemoteSwiftPackageReference section */

/* Begin XCSwiftPackageProductDependency section */
		F862EA302D3131FD00BB46F8 /* ProgressHUD */ = {
			isa = XCSwiftPackageProductDependency;
			package = F862EA2F2D3131FD00BB46F8 /* XCRemoteSwiftPackageReference "ProgressHUD" */;
			productName = ProgressHUD;
		};
		F8BF71E22D455945007FECDC /* Kingfisher */ = {
			isa = XCSwiftPackageProductDependency;
			package = F8BF71E12D455945007FECDC /* XCRemoteSwiftPackageReference "Kingfisher" */;
			productName = Kingfisher;
		};
		F8BF71E52D4565D8007FECDC /* SwiftKeychainWrapper */ = {
			isa = XCSwiftPackageProductDependency;
			package = F8BF71E42D4565D8007FECDC /* XCRemoteSwiftPackageReference "SwiftKeychainWrapper" */;
			productName = SwiftKeychainWrapper;
		};
/* End XCSwiftPackageProductDependency section */
	};
	rootObject = F8D11E672CEF513900BDC986 /* Project object */;
}
